{
  "name": "@tyroneross/research-plugin",
  "version": "0.5.2",
  "lockfileVersion": 3,
  "requires": true,
  "packages": {
    "": {
      "name": "@tyroneross/research-plugin",
      "version": "0.5.2",
      "license": "Apache-2.0",
      "bin": {
        "research-plugin": "research.py"
      },
      "engines": {
        "node": ">=18.0.0"
      }
    }
  }
}
